<?xml version="1.0" encoding="utf-8"?>
<Project ToolsVersion="4.0" xmlns="http://schemas.microsoft.com/developer/msbuild/2003">
  <ItemGroup>
    <Filter Include="Odd">
      <UniqueIdentifier>{3C10880B-A819-887C-3195-9E7C9D9D937C}</UniqueIdentifier>
    </Filter>
    <Filter Include="Odd\Core">
      <UniqueIdentifier>{14BA8062-0087-DB6D-29A0-C91515CC10FC}</UniqueIdentifier>
    </Filter>
    <Filter Include="Odd\Events">
      <UniqueIdentifier>{A0A0B90A-8C58-FB57-F55F-D4B3E1369648}</UniqueIdentifier>
    </Filter>
    <Filter Include="Odd\ImGui">
      <UniqueIdentifier>{66C202B3-D22C-B729-1B6B-68CF8714957E}</UniqueIdentifier>
    </Filter>
    <Filter Include="Odd\ImGui\Windows">
      <UniqueIdentifier>{A07247D2-0C89-4568-5500-D189C15516F0}</UniqueIdentifier>
    </Filter>
    <Filter Include="Odd\Input">
      <UniqueIdentifier>{3BFD03B3-A767-B829-F0A5-69CF5C4F967E}</UniqueIdentifier>
    </Filter>
    <Filter Include="Platform">
      <UniqueIdentifier>{2AC788B4-1694-E3BF-3FAD-D1672BD9184E}</UniqueIdentifier>
    </Filter>
    <Filter Include="Platform\Windows">
      <UniqueIdentifier>{64FBD71A-50F4-F66C-7926-DCF1657ED678}</UniqueIdentifier>
    </Filter>
  </ItemGroup>
  <ItemGroup>
    <ClInclude Include="src\Odd.h" />
    <ClInclude Include="src\Odd\Core\Application.h">
      <Filter>Odd\Core</Filter>
    </ClInclude>
    <ClInclude Include="src\Odd\Core\Core.h">
      <Filter>Odd\Core</Filter>
    </ClInclude>
    <ClInclude Include="src\Odd\Core\EntryPoint.h">
      <Filter>Odd\Core</Filter>
    </ClInclude>
    <ClInclude Include="src\Odd\Core\Layer.h">
      <Filter>Odd\Core</Filter>
    </ClInclude>
    <ClInclude Include="src\Odd\Core\LayerStack.h">
      <Filter>Odd\Core</Filter>
    </ClInclude>
    <ClInclude Include="src\Odd\Core\Log.h">
      <Filter>Odd\Core</Filter>
    </ClInclude>
    <ClInclude Include="src\Odd\Core\Window.h">
      <Filter>Odd\Core</Filter>
    </ClInclude>
    <ClInclude Include="src\Odd\Events\ApplicationEvent.h">
      <Filter>Odd\Events</Filter>
    </ClInclude>
    <ClInclude Include="src\Odd\Events\Event.h">
      <Filter>Odd\Events</Filter>
    </ClInclude>
    <ClInclude Include="src\Odd\Events\KeyEvent.h">
      <Filter>Odd\Events</Filter>
    </ClInclude>
    <ClInclude Include="src\Odd\Events\MouseEvent.h">
      <Filter>Odd\Events</Filter>
    </ClInclude>
    <ClInclude Include="src\Odd\ImGui\ImGuiLayer.h">
      <Filter>Odd\ImGui</Filter>
    </ClInclude>
    <ClInclude Include="src\Odd\ImGui\Windows\imgui_impl_glfw.h">
      <Filter>Odd\ImGui\Windows</Filter>
    </ClInclude>
    <ClInclude Include="src\Odd\ImGui\Windows\imgui_impl_opengl3.h">
      <Filter>Odd\ImGui\Windows</Filter>
    </ClInclude>
    <ClInclude Include="src\Odd\Input\Input.h">
      <Filter>Odd\Input</Filter>
    </ClInclude>
    <ClInclude Include="src\Odd\Input\KeyCodes.h">
      <Filter>Odd\Input</Filter>
    </ClInclude>
    <ClInclude Include="src\Odd\Input\MouseCodes.h">
      <Filter>Odd\Input</Filter>
    </ClInclude>
    <ClInclude Include="src\Platform\Windows\WindowsInput.h">
      <Filter>Platform\Windows</Filter>
    </ClInclude>
    <ClInclude Include="src\Platform\Windows\WindowsWindow.h">
      <Filter>Platform\Windows</Filter>
    </ClInclude>
    <ClInclude Include="src\oddpch.h" />
    <ClInclude Include="src\Odd\Renderer\GraphicsContext.h" />
    <ClInclude Include="src\Platform\OpenGL\OpenGLContext.h" />
    <ClInclude Include="src\Odd\Renderer\Buffer.h" />
    <ClInclude Include="src\Platform\OpenGL\OpenGLBuffer.h" />
    <ClInclude Include="src\Odd\Renderer\Renderer.h" />
    <ClInclude Include="src\Odd\Renderer\VertexArray.h" />
    <ClInclude Include="src\Platform\OpenGL\OpenGLVertexArray.h" />
    <ClInclude Include="src\Odd\Renderer\RendererAPI.h" />
    <ClInclude Include="src\Odd\Renderer\RenderCommand.h" />
    <ClInclude Include="src\Platform\OpenGL\OpenGLRendererAPI.h" />
  </ItemGroup>
  <ItemGroup>
    <ClCompile Include="src\Odd\Core\Application.cpp">
      <Filter>Odd\Core</Filter>
    </ClCompile>
    <ClCompile Include="src\Odd\Core\Layer.cpp">
      <Filter>Odd\Core</Filter>
    </ClCompile>
    <ClCompile Include="src\Odd\Core\LayerStack.cpp">
      <Filter>Odd\Core</Filter>
    </ClCompile>
    <ClCompile Include="src\Odd\Core\Log.cpp">
      <Filter>Odd\Core</Filter>
    </ClCompile>
    <ClCompile Include="src\Odd\ImGui\ImGuiLayer.cpp">
      <Filter>Odd\ImGui</Filter>
    </ClCompile>
    <ClCompile Include="src\Odd\ImGui\Windows\imgui_impl_glfw.cpp">
      <Filter>Odd\ImGui\Windows</Filter>
    </ClCompile>
    <ClCompile Include="src\Odd\ImGui\Windows\imgui_impl_opengl3.cpp">
      <Filter>Odd\ImGui\Windows</Filter>
    </ClCompile>
    <ClCompile Include="src\Platform\Windows\WindowsInput.cpp">
      <Filter>Platform\Windows</Filter>
    </ClCompile>
    <ClCompile Include="src\Platform\Windows\WindowsWindow.cpp">
      <Filter>Platform\Windows</Filter>
    </ClCompile>
    <ClCompile Include="src\oddpch.cpp" />
    <ClCompile Include="src\Platform\OpenGL\OpenGLContext.cpp" />
    <ClCompile Include="src\Odd\Renderer\Buffer.cpp" />
    <ClCompile Include="src\Platform\OpenGL\OpenGLBuffer.cpp" />
    <ClCompile Include="src\Odd\Renderer\Renderer.cpp" />
    <ClCompile Include="src\Odd\Renderer\VertexArray.cpp" />
    <ClCompile Include="src\Platform\OpenGL\OpenGLVertexArray.cpp" />
    <ClCompile Include="src\Odd\Renderer\RendererAPI.cpp" />
    <ClCompile Include="src\Odd\Renderer\RenderCommand.cpp" />
    <ClCompile Include="src\Platform\OpenGL\OpenGLRendererAPI.cpp" />
  </ItemGroup>
</Project>