<?xml version="1.0" encoding="utf-8"?>
<Project ToolsVersion="4.0" xmlns="http://schemas.microsoft.com/developer/msbuild/2003">
  <ItemGroup>
    <Filter Include="Odd">
      <UniqueIdentifier>{3C10880B-A819-887C-3195-9E7C9D9D937C}</UniqueIdentifier>
    </Filter>
    <Filter Include="Odd\Core">
      <UniqueIdentifier>{14BA8062-0087-DB6D-29A0-C91515CC10FC}</UniqueIdentifier>
    </Filter>
    <Filter Include="Odd\Events">
      <UniqueIdentifier>{A0A0B90A-8C58-FB57-F55F-D4B3E1369648}</UniqueIdentifier>
    </Filter>
    <Filter Include="Platform">
      <UniqueIdentifier>{2AC788B4-1694-E3BF-3FAD-D1672BD9184E}</UniqueIdentifier>
    </Filter>
    <Filter Include="Platform\Windows">
      <UniqueIdentifier>{64FBD71A-50F4-F66C-7926-DCF1657ED678}</UniqueIdentifier>
    </Filter>
  </ItemGroup>
  <ItemGroup>
    <ClInclude Include="src\Odd.h" />
    <ClInclude Include="src\Odd\Core\Application.h">
      <Filter>Odd\Core</Filter>
    </ClInclude>
    <ClInclude Include="src\Odd\Core\Core.h">
      <Filter>Odd\Core</Filter>
    </ClInclude>
    <ClInclude Include="src\Odd\Core\EntryPoint.h">
      <Filter>Odd\Core</Filter>
    </ClInclude>
    <ClInclude Include="src\Odd\Core\KeyCodes.h">
      <Filter>Odd\Core</Filter>
    </ClInclude>
    <ClInclude Include="src\Odd\Core\Layer.h">
      <Filter>Odd\Core</Filter>
    </ClInclude>
    <ClInclude Include="src\Odd\Core\LayerStack.h">
      <Filter>Odd\Core</Filter>
    </ClInclude>
    <ClInclude Include="src\Odd\Core\Log.h">
      <Filter>Odd\Core</Filter>
    </ClInclude>
    <ClInclude Include="src\Odd\Core\MouseCodes.h">
      <Filter>Odd\Core</Filter>
    </ClInclude>
    <ClInclude Include="src\Odd\Core\Window.h">
      <Filter>Odd\Core</Filter>
    </ClInclude>
    <ClInclude Include="src\Odd\Events\ApplicationEvent.h">
      <Filter>Odd\Events</Filter>
    </ClInclude>
    <ClInclude Include="src\Odd\Events\Event.h">
      <Filter>Odd\Events</Filter>
    </ClInclude>
    <ClInclude Include="src\Odd\Events\KeyEvent.h">
      <Filter>Odd\Events</Filter>
    </ClInclude>
    <ClInclude Include="src\Odd\Events\MouseEvent.h">
      <Filter>Odd\Events</Filter>
    </ClInclude>
    <ClInclude Include="src\Platform\Windows\WindowsWindow.h">
      <Filter>Platform\Windows</Filter>
    </ClInclude>
    <ClInclude Include="src\oddpch.h" />
  </ItemGroup>
  <ItemGroup>
    <ClCompile Include="src\Odd\Core\Application.cpp">
      <Filter>Odd\Core</Filter>
    </ClCompile>
    <ClCompile Include="src\Odd\Core\Layer.cpp">
      <Filter>Odd\Core</Filter>
    </ClCompile>
    <ClCompile Include="src\Odd\Core\LayerStack.cpp">
      <Filter>Odd\Core</Filter>
    </ClCompile>
    <ClCompile Include="src\Odd\Core\Log.cpp">
      <Filter>Odd\Core</Filter>
    </ClCompile>
    <ClCompile Include="src\Platform\Windows\WindowsWindow.cpp">
      <Filter>Platform\Windows</Filter>
    </ClCompile>
    <ClCompile Include="src\oddpch.cpp" />
  </ItemGroup>
</Project>